
Microsoft Visual Studio Solution File, Format Version 12.00
# Visual Studio Version 16
VisualStudioVersion = 16.0.30204.135
MinimumVisualStudioVersion = 10.0.40219.1
Project("{9A19103F-16F7-4668-BE54-9A1E7A4F7556}") = "BlazorServer", "BlazorServer\BlazorServer.csproj", "{7DCB77F4-39D7-4A7C-8233-CF49DE0A547C}"
EndProject
Project("{9A19103F-16F7-4668-BE54-9A1E7A4F7556}") = "DataLibrary", "DataLibrary\DataLibrary.csproj", "{933242C5-40C5-4421-BB26-2A62A5FC34FD}"
EndProject
Global
	GlobalSection(SolutionConfigurationPlatforms) = preSolution
		Debug|Any CPU = Debug|Any CPU
		Release|Any CPU = Release|Any CPU
	EndGlobalSection
	GlobalSection(ProjectConfigurationPlatforms) = postSolution
		{7DCB77F4-39D7-4A7C-8233-CF49DE0A547C}.Debug|Any CPU.ActiveCfg = Debug|Any CPU
		{7DCB77F4-39D7-4A7C-8233-CF49DE0A547C}.Debug|Any CPU.Build.0 = Debug|Any CPU
		{7DCB77F4-39D7-4A7C-8233-CF49DE0A547C}.Release|Any CPU.ActiveCfg = Release|Any CPU
		{7DCB77F4-39D7-4A7C-8233-CF49DE0A547C}.Release|Any CPU.Build.0 = Release|Any CPU
		{933242C5-40C5-4421-BB26-2A62A5FC34FD}.Debug|Any CPU.ActiveCfg = Debug|Any CPU
		{933242C5-40C5-4421-BB26-2A62A5FC34FD}.Debug|Any CPU.Build.0 = Debug|Any CPU
		{933242C5-40C5-4421-BB26-2A62A5FC34FD}.Release|Any CPU.ActiveCfg = Release|Any CPU
		{933242C5-40C5-4421-BB26-2A62A5FC34FD}.Release|Any CPU.Build.0 = Release|Any CPU
	EndGlobalSection
	GlobalSection(SolutionProperties) = preSolution
		HideSolutionNode = FALSE
	EndGlobalSection
	GlobalSection(ExtensibilityGlobals) = postSolution
		SolutionGuid = {E210DAF2-97DD-4F61-9958-687C54BCF53B}
	EndGlobalSection
EndGlobal
